{
  "name": "examples",
  "version": "1.0.0",
  "lockfileVersion": 3,
  "requires": true,
  "packages": {
    "": {
      "name": "examples",
      "version": "1.0.0",
      "dependencies": {
        "@darcyvilkner/2d-geometry": "^1.0.4",
        "@darcyvilkner/chrona-physics": "^1.0.0"
      }
    },
    "node_modules/@darcyvilkner/2d-geometry": {
      "version": "1.0.4",
      "resolved": "https://registry.npmjs.org/@darcyvilkner/2d-geometry/-/2d-geometry-1.0.4.tgz",
      "integrity": "sha512-Nvh7UCb2HG+fa5HaLt8gYkCUOhgWNL3k4dD3QvuR9ZrgAc+XmLRk0KngiFwGnYNCtcUXrip9REhT+hkVU3ZS/A==",
      "license": "MIT"
    },
    "node_modules/@darcyvilkner/chrona-physics": {
      "version": "1.0.2",
      "resolved": "https://registry.npmjs.org/@darcyvilkner/chrona-physics/-/chrona-physics-1.0.2.tgz",
      "integrity": "sha512-AsnDKMq8RRKsLkfT9UpmDSOjrdzd8nGkQF3BjTGANppWsINzRU6ZteGTneIMt9JrIe8glogaAZrIt31neh4nRQ==",
      "license": "MIT",
      "dependencies": {
        "@darcyvilkner/2d-geometry": "^1.0.0"
      }
    }
  }
}
